
Microsoft Visual Studio Solution File, Format Version 12.00
# Visual Studio Version 16
VisualStudioVersion = 16.0.29503.13
MinimumVisualStudioVersion = 10.0.40219.1
Project("{FAE04EC0-301F-11D3-BF4B-00C04F79EFBC}") = "KiaGallery.Model", "KiaGallery.Model\KiaGallery.Model.csproj", "{44C9AEA2-4FA3-4630-AC7D-3031DF6B822F}"
EndProject
Project("{FAE04EC0-301F-11D3-BF4B-00C04F79EFBC}") = "KiaGallery.Common", "KiaGallery.Common\KiaGallery.Common.csproj", "{5EF07768-C632-4F68-AFF2-9CA2F9F024CD}"
EndProject
Project("{FAE04EC0-301F-11D3-BF4B-00C04F79EFBC}") = "KiaGallery.Web", "KiaGallery.Web\KiaGallery.Web.csproj", "{8B2D710A-4B32-48BD-91BA-E830F75AE30D}"
EndProject
Project("{2150E333-8FDC-42A3-9474-1A3956D46DE8}") = "KiaGallery.DailyReport.App", "KiaGallery.DailyReport.App", "{279A4709-C3C9-45DD-B902-817A6EEA7342}"
EndProject
Project("{FAE04EC0-301F-11D3-BF4B-00C04F79EFBC}") = "KiaGallery.DailyReport.App", "KiaGallery.DailyReport.App\KiaGallery.DailyReport.App.csproj", "{1D55326F-0FFE-422F-BB3B-06CA8B9B229A}"
EndProject
Project("{FAE04EC0-301F-11D3-BF4B-00C04F79EFBC}") = "KiaGallery.DailyReport.Forms", "KiaGallery.DailyReport.Forms\KiaGallery.DailyReport.Forms.csproj", "{D98CBFB4-1699-4999-9294-732337645662}"
EndProject
Project("{FAE04EC0-301F-11D3-BF4B-00C04F79EFBC}") = "KiaGallery.DailyReport.Common", "KiaGallery.DailyReport.Common\KiaGallery.DailyReport.Common.csproj", "{C8E9E264-5F7C-4ED2-B73F-D3782EB4A091}"
EndProject
Project("{FAE04EC0-301F-11D3-BF4B-00C04F79EFBC}") = "KiaGallery.BotBranchesPayments", "KiaGallery.BotBranchesPayments\KiaGallery.BotBranchesPayments.csproj", "{2E4742F1-2DDC-4902-9A3C-BFAC21426B71}"
EndProject
Project("{FAE04EC0-301F-11D3-BF4B-00C04F79EFBC}") = "KiaGallery.BotDailyReport", "KiaGallery.BotDailyReport\KiaGallery.BotDailyReport.csproj", "{EE4A1F0C-D699-48E9-BA18-3092186614EC}"
EndProject
Project("{FAE04EC0-301F-11D3-BF4B-00C04F79EFBC}") = "KiaGallery.Bot", "KiaGallery.Bot\KiaGallery.Bot.csproj", "{470AF312-D619-49BA-83DC-0C4BFFCDC464}"
EndProject
Project("{2150E333-8FDC-42A3-9474-1A3956D46DE8}") = "KiaGallery.Crm.App", "KiaGallery.Crm.App", "{3B9C5586-C0DE-480D-95FB-6B0FD2EE3302}"
EndProject
Project("{FAE04EC0-301F-11D3-BF4B-00C04F79EFBC}") = "KiaGallery.Crm.App", "KiaGallery.Crm.App\KiaGallery.Crm.App.csproj", "{BB2463C1-ACA9-4682-BA8E-9A340CD0B406}"
EndProject
Project("{FAE04EC0-301F-11D3-BF4B-00C04F79EFBC}") = "KiaGallery.Tracking", "KiaGallery.Tracking\KiaGallery.Tracking.csproj", "{28253A37-690A-41AF-83ED-7FBE7F87D4E1}"
EndProject
Project("{FAE04EC0-301F-11D3-BF4B-00C04F79EFBC}") = "KiaGallery.ScheduleJob", "KiaGallery.ScheduleJob\KiaGallery.ScheduleJob.csproj", "{4E15A717-1351-4DE8-A3EA-27A8E128C8AB}"
EndProject
Project("{FAE04EC0-301F-11D3-BF4B-00C04F79EFBC}") = "Kiagallery.Inform", "Kiagallery.Inform\Kiagallery.Inform.csproj", "{F5CB994E-407E-4C7E-AC51-71C28EFE7773}"
EndProject
Project("{FAE04EC0-301F-11D3-BF4B-00C04F79EFBC}") = "Kiagallery.Social", "Kiagallery.Social\Kiagallery.Social.csproj", "{93DD5A54-46CC-44B1-8478-CBB5CAF8213E}"
EndProject
Project("{2150E333-8FDC-42A3-9474-1A3956D46DE8}") = "Bot", "Bot", "{E4188818-5ED3-4A08-B510-FEEFE09A2E22}"
EndProject
Project("{FAE04EC0-301F-11D3-BF4B-00C04F79EFBC}") = "KiaGallery.GoldReport", "KiaGallery.GoldReport\KiaGallery.GoldReport.csproj", "{D86C89AC-151F-4ECB-BC42-674DBF0DE374}"
EndProject
Project("{FAE04EC0-301F-11D3-BF4B-00C04F79EFBC}") = "Kiagallery.FoodSchedule", "Kiagallery.FoodSchedule\Kiagallery.FoodSchedule.csproj", "{AF8AA2FF-979E-4826-8786-9E4E0339207A}"
EndProject
Project("{FAE04EC0-301F-11D3-BF4B-00C04F79EFBC}") = "KiaGallery.SmsSchedule", "SmsSchedule\KiaGallery.SmsSchedule.csproj", "{0A9C8645-139F-4CAF-A442-EC79767C8D7A}"
EndProject
Project("{FAE04EC0-301F-11D3-BF4B-00C04F79EFBC}") = "KiaGallery.CustomerCardInfo", "KiaGallery.CustomerCardInfo\KiaGallery.CustomerCardInfo.csproj", "{27D141E6-BD2A-433F-879B-0DC143DCA8D3}"
EndProject
Global
	GlobalSection(SolutionConfigurationPlatforms) = preSolution
		Debug|Any CPU = Debug|Any CPU
		Debug|x64 = Debug|x64
		Debug|x86 = Debug|x86
		Release|Any CPU = Release|Any CPU
		Release|x64 = Release|x64
		Release|x86 = Release|x86
	EndGlobalSection
	GlobalSection(ProjectConfigurationPlatforms) = postSolution
		{44C9AEA2-4FA3-4630-AC7D-3031DF6B822F}.Debug|Any CPU.ActiveCfg = Debug|Any CPU
		{44C9AEA2-4FA3-4630-AC7D-3031DF6B822F}.Debug|Any CPU.Build.0 = Debug|Any CPU
		{44C9AEA2-4FA3-4630-AC7D-3031DF6B822F}.Debug|x64.ActiveCfg = Debug|Any CPU
		{44C9AEA2-4FA3-4630-AC7D-3031DF6B822F}.Debug|x64.Build.0 = Debug|Any CPU
		{44C9AEA2-4FA3-4630-AC7D-3031DF6B822F}.Debug|x86.ActiveCfg = Debug|Any CPU
		{44C9AEA2-4FA3-4630-AC7D-3031DF6B822F}.Debug|x86.Build.0 = Debug|Any CPU
		{44C9AEA2-4FA3-4630-AC7D-3031DF6B822F}.Release|Any CPU.ActiveCfg = Release|Any CPU
		{44C9AEA2-4FA3-4630-AC7D-3031DF6B822F}.Release|Any CPU.Build.0 = Release|Any CPU
		{44C9AEA2-4FA3-4630-AC7D-3031DF6B822F}.Release|x64.ActiveCfg = Release|Any CPU
		{44C9AEA2-4FA3-4630-AC7D-3031DF6B822F}.Release|x64.Build.0 = Release|Any CPU
		{44C9AEA2-4FA3-4630-AC7D-3031DF6B822F}.Release|x86.ActiveCfg = Release|Any CPU
		{44C9AEA2-4FA3-4630-AC7D-3031DF6B822F}.Release|x86.Build.0 = Release|Any CPU
		{5EF07768-C632-4F68-AFF2-9CA2F9F024CD}.Debug|Any CPU.ActiveCfg = Debug|Any CPU
		{5EF07768-C632-4F68-AFF2-9CA2F9F024CD}.Debug|Any CPU.Build.0 = Debug|Any CPU
		{5EF07768-C632-4F68-AFF2-9CA2F9F024CD}.Debug|x64.ActiveCfg = Debug|Any CPU
		{5EF07768-C632-4F68-AFF2-9CA2F9F024CD}.Debug|x64.Build.0 = Debug|Any CPU
		{5EF07768-C632-4F68-AFF2-9CA2F9F024CD}.Debug|x86.ActiveCfg = Debug|Any CPU
		{5EF07768-C632-4F68-AFF2-9CA2F9F024CD}.Debug|x86.Build.0 = Debug|Any CPU
		{5EF07768-C632-4F68-AFF2-9CA2F9F024CD}.Release|Any CPU.ActiveCfg = Release|Any CPU
		{5EF07768-C632-4F68-AFF2-9CA2F9F024CD}.Release|Any CPU.Build.0 = Release|Any CPU
		{5EF07768-C632-4F68-AFF2-9CA2F9F024CD}.Release|x64.ActiveCfg = Release|Any CPU
		{5EF07768-C632-4F68-AFF2-9CA2F9F024CD}.Release|x64.Build.0 = Release|Any CPU
		{5EF07768-C632-4F68-AFF2-9CA2F9F024CD}.Release|x86.ActiveCfg = Release|Any CPU
		{5EF07768-C632-4F68-AFF2-9CA2F9F024CD}.Release|x86.Build.0 = Release|Any CPU
		{8B2D710A-4B32-48BD-91BA-E830F75AE30D}.Debug|Any CPU.ActiveCfg = Debug|Any CPU
		{8B2D710A-4B32-48BD-91BA-E830F75AE30D}.Debug|Any CPU.Build.0 = Debug|Any CPU
		{8B2D710A-4B32-48BD-91BA-E830F75AE30D}.Debug|x64.ActiveCfg = Debug|Any CPU
		{8B2D710A-4B32-48BD-91BA-E830F75AE30D}.Debug|x64.Build.0 = Debug|Any CPU
		{8B2D710A-4B32-48BD-91BA-E830F75AE30D}.Debug|x86.ActiveCfg = Debug|Any CPU
		{8B2D710A-4B32-48BD-91BA-E830F75AE30D}.Debug|x86.Build.0 = Debug|Any CPU
		{8B2D710A-4B32-48BD-91BA-E830F75AE30D}.Release|Any CPU.ActiveCfg = Release|Any CPU
		{8B2D710A-4B32-48BD-91BA-E830F75AE30D}.Release|Any CPU.Build.0 = Release|Any CPU
		{8B2D710A-4B32-48BD-91BA-E830F75AE30D}.Release|x64.ActiveCfg = Release|Any CPU
		{8B2D710A-4B32-48BD-91BA-E830F75AE30D}.Release|x64.Build.0 = Release|Any CPU
		{8B2D710A-4B32-48BD-91BA-E830F75AE30D}.Release|x86.ActiveCfg = Release|Any CPU
		{8B2D710A-4B32-48BD-91BA-E830F75AE30D}.Release|x86.Build.0 = Release|Any CPU
		{1D55326F-0FFE-422F-BB3B-06CA8B9B229A}.Debug|Any CPU.ActiveCfg = Debug|Any CPU
		{1D55326F-0FFE-422F-BB3B-06CA8B9B229A}.Debug|Any CPU.Build.0 = Debug|Any CPU
		{1D55326F-0FFE-422F-BB3B-06CA8B9B229A}.Debug|x64.ActiveCfg = Debug|Any CPU
		{1D55326F-0FFE-422F-BB3B-06CA8B9B229A}.Debug|x64.Build.0 = Debug|Any CPU
		{1D55326F-0FFE-422F-BB3B-06CA8B9B229A}.Debug|x86.ActiveCfg = Debug|Any CPU
		{1D55326F-0FFE-422F-BB3B-06CA8B9B229A}.Debug|x86.Build.0 = Debug|Any CPU
		{1D55326F-0FFE-422F-BB3B-06CA8B9B229A}.Release|Any CPU.ActiveCfg = Release|Any CPU
		{1D55326F-0FFE-422F-BB3B-06CA8B9B229A}.Release|Any CPU.Build.0 = Release|Any CPU
		{1D55326F-0FFE-422F-BB3B-06CA8B9B229A}.Release|x64.ActiveCfg = Release|Any CPU
		{1D55326F-0FFE-422F-BB3B-06CA8B9B229A}.Release|x64.Build.0 = Release|Any CPU
		{1D55326F-0FFE-422F-BB3B-06CA8B9B229A}.Release|x86.ActiveCfg = Release|Any CPU
		{1D55326F-0FFE-422F-BB3B-06CA8B9B229A}.Release|x86.Build.0 = Release|Any CPU
		{D98CBFB4-1699-4999-9294-732337645662}.Debug|Any CPU.ActiveCfg = Debug|Any CPU
		{D98CBFB4-1699-4999-9294-732337645662}.Debug|Any CPU.Build.0 = Debug|Any CPU
		{D98CBFB4-1699-4999-9294-732337645662}.Debug|x64.ActiveCfg = Debug|Any CPU
		{D98CBFB4-1699-4999-9294-732337645662}.Debug|x64.Build.0 = Debug|Any CPU
		{D98CBFB4-1699-4999-9294-732337645662}.Debug|x86.ActiveCfg = Debug|Any CPU
		{D98CBFB4-1699-4999-9294-732337645662}.Debug|x86.Build.0 = Debug|Any CPU
		{D98CBFB4-1699-4999-9294-732337645662}.Release|Any CPU.ActiveCfg = Release|Any CPU
		{D98CBFB4-1699-4999-9294-732337645662}.Release|Any CPU.Build.0 = Release|Any CPU
		{D98CBFB4-1699-4999-9294-732337645662}.Release|x64.ActiveCfg = Release|Any CPU
		{D98CBFB4-1699-4999-9294-732337645662}.Release|x64.Build.0 = Release|Any CPU
		{D98CBFB4-1699-4999-9294-732337645662}.Release|x86.ActiveCfg = Release|Any CPU
		{D98CBFB4-1699-4999-9294-732337645662}.Release|x86.Build.0 = Release|Any CPU
		{C8E9E264-5F7C-4ED2-B73F-D3782EB4A091}.Debug|Any CPU.ActiveCfg = Debug|Any CPU
		{C8E9E264-5F7C-4ED2-B73F-D3782EB4A091}.Debug|Any CPU.Build.0 = Debug|Any CPU
		{C8E9E264-5F7C-4ED2-B73F-D3782EB4A091}.Debug|x64.ActiveCfg = Debug|Any CPU
		{C8E9E264-5F7C-4ED2-B73F-D3782EB4A091}.Debug|x64.Build.0 = Debug|Any CPU
		{C8E9E264-5F7C-4ED2-B73F-D3782EB4A091}.Debug|x86.ActiveCfg = Debug|Any CPU
		{C8E9E264-5F7C-4ED2-B73F-D3782EB4A091}.Debug|x86.Build.0 = Debug|Any CPU
		{C8E9E264-5F7C-4ED2-B73F-D3782EB4A091}.Release|Any CPU.ActiveCfg = Release|Any CPU
		{C8E9E264-5F7C-4ED2-B73F-D3782EB4A091}.Release|Any CPU.Build.0 = Release|Any CPU
		{C8E9E264-5F7C-4ED2-B73F-D3782EB4A091}.Release|x64.ActiveCfg = Release|Any CPU
		{C8E9E264-5F7C-4ED2-B73F-D3782EB4A091}.Release|x64.Build.0 = Release|Any CPU
		{C8E9E264-5F7C-4ED2-B73F-D3782EB4A091}.Release|x86.ActiveCfg = Release|Any CPU
		{C8E9E264-5F7C-4ED2-B73F-D3782EB4A091}.Release|x86.Build.0 = Release|Any CPU
		{2E4742F1-2DDC-4902-9A3C-BFAC21426B71}.Debug|Any CPU.ActiveCfg = Debug|Any CPU
		{2E4742F1-2DDC-4902-9A3C-BFAC21426B71}.Debug|Any CPU.Build.0 = Debug|Any CPU
		{2E4742F1-2DDC-4902-9A3C-BFAC21426B71}.Debug|x64.ActiveCfg = Debug|Any CPU
		{2E4742F1-2DDC-4902-9A3C-BFAC21426B71}.Debug|x64.Build.0 = Debug|Any CPU
		{2E4742F1-2DDC-4902-9A3C-BFAC21426B71}.Debug|x86.ActiveCfg = Debug|Any CPU
		{2E4742F1-2DDC-4902-9A3C-BFAC21426B71}.Debug|x86.Build.0 = Debug|Any CPU
		{2E4742F1-2DDC-4902-9A3C-BFAC21426B71}.Release|Any CPU.ActiveCfg = Release|Any CPU
		{2E4742F1-2DDC-4902-9A3C-BFAC21426B71}.Release|Any CPU.Build.0 = Release|Any CPU
		{2E4742F1-2DDC-4902-9A3C-BFAC21426B71}.Release|x64.ActiveCfg = Release|Any CPU
		{2E4742F1-2DDC-4902-9A3C-BFAC21426B71}.Release|x64.Build.0 = Release|Any CPU
		{2E4742F1-2DDC-4902-9A3C-BFAC21426B71}.Release|x86.ActiveCfg = Release|Any CPU
		{2E4742F1-2DDC-4902-9A3C-BFAC21426B71}.Release|x86.Build.0 = Release|Any CPU
		{EE4A1F0C-D699-48E9-BA18-3092186614EC}.Debug|Any CPU.ActiveCfg = Debug|Any CPU
		{EE4A1F0C-D699-48E9-BA18-3092186614EC}.Debug|Any CPU.Build.0 = Debug|Any CPU
		{EE4A1F0C-D699-48E9-BA18-3092186614EC}.Debug|x64.ActiveCfg = Debug|Any CPU
		{EE4A1F0C-D699-48E9-BA18-3092186614EC}.Debug|x64.Build.0 = Debug|Any CPU
		{EE4A1F0C-D699-48E9-BA18-3092186614EC}.Debug|x86.ActiveCfg = Debug|Any CPU
		{EE4A1F0C-D699-48E9-BA18-3092186614EC}.Debug|x86.Build.0 = Debug|Any CPU
		{EE4A1F0C-D699-48E9-BA18-3092186614EC}.Release|Any CPU.ActiveCfg = Release|Any CPU
		{EE4A1F0C-D699-48E9-BA18-3092186614EC}.Release|Any CPU.Build.0 = Release|Any CPU
		{EE4A1F0C-D699-48E9-BA18-3092186614EC}.Release|x64.ActiveCfg = Release|Any CPU
		{EE4A1F0C-D699-48E9-BA18-3092186614EC}.Release|x64.Build.0 = Release|Any CPU
		{EE4A1F0C-D699-48E9-BA18-3092186614EC}.Release|x86.ActiveCfg = Release|Any CPU
		{EE4A1F0C-D699-48E9-BA18-3092186614EC}.Release|x86.Build.0 = Release|Any CPU
		{470AF312-D619-49BA-83DC-0C4BFFCDC464}.Debug|Any CPU.ActiveCfg = Debug|Any CPU
		{470AF312-D619-49BA-83DC-0C4BFFCDC464}.Debug|Any CPU.Build.0 = Debug|Any CPU
		{470AF312-D619-49BA-83DC-0C4BFFCDC464}.Debug|x64.ActiveCfg = Debug|Any CPU
		{470AF312-D619-49BA-83DC-0C4BFFCDC464}.Debug|x64.Build.0 = Debug|Any CPU
		{470AF312-D619-49BA-83DC-0C4BFFCDC464}.Debug|x86.ActiveCfg = Debug|Any CPU
		{470AF312-D619-49BA-83DC-0C4BFFCDC464}.Debug|x86.Build.0 = Debug|Any CPU
		{470AF312-D619-49BA-83DC-0C4BFFCDC464}.Release|Any CPU.ActiveCfg = Release|Any CPU
		{470AF312-D619-49BA-83DC-0C4BFFCDC464}.Release|Any CPU.Build.0 = Release|Any CPU
		{470AF312-D619-49BA-83DC-0C4BFFCDC464}.Release|x64.ActiveCfg = Release|Any CPU
		{470AF312-D619-49BA-83DC-0C4BFFCDC464}.Release|x64.Build.0 = Release|Any CPU
		{470AF312-D619-49BA-83DC-0C4BFFCDC464}.Release|x86.ActiveCfg = Release|Any CPU
		{470AF312-D619-49BA-83DC-0C4BFFCDC464}.Release|x86.Build.0 = Release|Any CPU
		{BB2463C1-ACA9-4682-BA8E-9A340CD0B406}.Debug|Any CPU.ActiveCfg = Debug|Any CPU
		{BB2463C1-ACA9-4682-BA8E-9A340CD0B406}.Debug|Any CPU.Build.0 = Debug|Any CPU
		{BB2463C1-ACA9-4682-BA8E-9A340CD0B406}.Debug|x64.ActiveCfg = Debug|Any CPU
		{BB2463C1-ACA9-4682-BA8E-9A340CD0B406}.Debug|x64.Build.0 = Debug|Any CPU
		{BB2463C1-ACA9-4682-BA8E-9A340CD0B406}.Debug|x86.ActiveCfg = Debug|Any CPU
		{BB2463C1-ACA9-4682-BA8E-9A340CD0B406}.Debug|x86.Build.0 = Debug|Any CPU
		{BB2463C1-ACA9-4682-BA8E-9A340CD0B406}.Release|Any CPU.ActiveCfg = Release|Any CPU
		{BB2463C1-ACA9-4682-BA8E-9A340CD0B406}.Release|Any CPU.Build.0 = Release|Any CPU
		{BB2463C1-ACA9-4682-BA8E-9A340CD0B406}.Release|x64.ActiveCfg = Release|Any CPU
		{BB2463C1-ACA9-4682-BA8E-9A340CD0B406}.Release|x64.Build.0 = Release|Any CPU
		{BB2463C1-ACA9-4682-BA8E-9A340CD0B406}.Release|x86.ActiveCfg = Release|Any CPU
		{BB2463C1-ACA9-4682-BA8E-9A340CD0B406}.Release|x86.Build.0 = Release|Any CPU
		{28253A37-690A-41AF-83ED-7FBE7F87D4E1}.Debug|Any CPU.ActiveCfg = Debug|Any CPU
		{28253A37-690A-41AF-83ED-7FBE7F87D4E1}.Debug|Any CPU.Build.0 = Debug|Any CPU
		{28253A37-690A-41AF-83ED-7FBE7F87D4E1}.Debug|x64.ActiveCfg = Debug|Any CPU
		{28253A37-690A-41AF-83ED-7FBE7F87D4E1}.Debug|x64.Build.0 = Debug|Any CPU
		{28253A37-690A-41AF-83ED-7FBE7F87D4E1}.Debug|x86.ActiveCfg = Debug|Any CPU
		{28253A37-690A-41AF-83ED-7FBE7F87D4E1}.Debug|x86.Build.0 = Debug|Any CPU
		{28253A37-690A-41AF-83ED-7FBE7F87D4E1}.Release|Any CPU.ActiveCfg = Release|Any CPU
		{28253A37-690A-41AF-83ED-7FBE7F87D4E1}.Release|Any CPU.Build.0 = Release|Any CPU
		{28253A37-690A-41AF-83ED-7FBE7F87D4E1}.Release|x64.ActiveCfg = Release|Any CPU
		{28253A37-690A-41AF-83ED-7FBE7F87D4E1}.Release|x64.Build.0 = Release|Any CPU
		{28253A37-690A-41AF-83ED-7FBE7F87D4E1}.Release|x86.ActiveCfg = Release|Any CPU
		{28253A37-690A-41AF-83ED-7FBE7F87D4E1}.Release|x86.Build.0 = Release|Any CPU
		{4E15A717-1351-4DE8-A3EA-27A8E128C8AB}.Debug|Any CPU.ActiveCfg = Debug|Any CPU
		{4E15A717-1351-4DE8-A3EA-27A8E128C8AB}.Debug|Any CPU.Build.0 = Debug|Any CPU
		{4E15A717-1351-4DE8-A3EA-27A8E128C8AB}.Debug|x64.ActiveCfg = Debug|Any CPU
		{4E15A717-1351-4DE8-A3EA-27A8E128C8AB}.Debug|x64.Build.0 = Debug|Any CPU
		{4E15A717-1351-4DE8-A3EA-27A8E128C8AB}.Debug|x86.ActiveCfg = Debug|Any CPU
		{4E15A717-1351-4DE8-A3EA-27A8E128C8AB}.Debug|x86.Build.0 = Debug|Any CPU
		{4E15A717-1351-4DE8-A3EA-27A8E128C8AB}.Release|Any CPU.ActiveCfg = Release|Any CPU
		{4E15A717-1351-4DE8-A3EA-27A8E128C8AB}.Release|Any CPU.Build.0 = Release|Any CPU
		{4E15A717-1351-4DE8-A3EA-27A8E128C8AB}.Release|x64.ActiveCfg = Release|Any CPU
		{4E15A717-1351-4DE8-A3EA-27A8E128C8AB}.Release|x64.Build.0 = Release|Any CPU
		{4E15A717-1351-4DE8-A3EA-27A8E128C8AB}.Release|x86.ActiveCfg = Release|Any CPU
		{4E15A717-1351-4DE8-A3EA-27A8E128C8AB}.Release|x86.Build.0 = Release|Any CPU
		{F5CB994E-407E-4C7E-AC51-71C28EFE7773}.Debug|Any CPU.ActiveCfg = Debug|Any CPU
		{F5CB994E-407E-4C7E-AC51-71C28EFE7773}.Debug|Any CPU.Build.0 = Debug|Any CPU
		{F5CB994E-407E-4C7E-AC51-71C28EFE7773}.Debug|x64.ActiveCfg = Debug|Any CPU
		{F5CB994E-407E-4C7E-AC51-71C28EFE7773}.Debug|x64.Build.0 = Debug|Any CPU
		{F5CB994E-407E-4C7E-AC51-71C28EFE7773}.Debug|x86.ActiveCfg = Debug|Any CPU
		{F5CB994E-407E-4C7E-AC51-71C28EFE7773}.Debug|x86.Build.0 = Debug|Any CPU
		{F5CB994E-407E-4C7E-AC51-71C28EFE7773}.Release|Any CPU.ActiveCfg = Release|Any CPU
		{F5CB994E-407E-4C7E-AC51-71C28EFE7773}.Release|Any CPU.Build.0 = Release|Any CPU
		{F5CB994E-407E-4C7E-AC51-71C28EFE7773}.Release|x64.ActiveCfg = Release|Any CPU
		{F5CB994E-407E-4C7E-AC51-71C28EFE7773}.Release|x64.Build.0 = Release|Any CPU
		{F5CB994E-407E-4C7E-AC51-71C28EFE7773}.Release|x86.ActiveCfg = Release|Any CPU
		{F5CB994E-407E-4C7E-AC51-71C28EFE7773}.Release|x86.Build.0 = Release|Any CPU
		{93DD5A54-46CC-44B1-8478-CBB5CAF8213E}.Debug|Any CPU.ActiveCfg = Debug|Any CPU
		{93DD5A54-46CC-44B1-8478-CBB5CAF8213E}.Debug|Any CPU.Build.0 = Debug|Any CPU
		{93DD5A54-46CC-44B1-8478-CBB5CAF8213E}.Debug|x64.ActiveCfg = Debug|Any CPU
		{93DD5A54-46CC-44B1-8478-CBB5CAF8213E}.Debug|x64.Build.0 = Debug|Any CPU
		{93DD5A54-46CC-44B1-8478-CBB5CAF8213E}.Debug|x86.ActiveCfg = Debug|Any CPU
		{93DD5A54-46CC-44B1-8478-CBB5CAF8213E}.Debug|x86.Build.0 = Debug|Any CPU
		{93DD5A54-46CC-44B1-8478-CBB5CAF8213E}.Release|Any CPU.ActiveCfg = Release|Any CPU
		{93DD5A54-46CC-44B1-8478-CBB5CAF8213E}.Release|Any CPU.Build.0 = Release|Any CPU
		{93DD5A54-46CC-44B1-8478-CBB5CAF8213E}.Release|x64.ActiveCfg = Release|Any CPU
		{93DD5A54-46CC-44B1-8478-CBB5CAF8213E}.Release|x64.Build.0 = Release|Any CPU
		{93DD5A54-46CC-44B1-8478-CBB5CAF8213E}.Release|x86.ActiveCfg = Release|Any CPU
		{93DD5A54-46CC-44B1-8478-CBB5CAF8213E}.Release|x86.Build.0 = Release|Any CPU
		{D86C89AC-151F-4ECB-BC42-674DBF0DE374}.Debug|Any CPU.ActiveCfg = Debug|Any CPU
		{D86C89AC-151F-4ECB-BC42-674DBF0DE374}.Debug|Any CPU.Build.0 = Debug|Any CPU
		{D86C89AC-151F-4ECB-BC42-674DBF0DE374}.Debug|x64.ActiveCfg = Debug|Any CPU
		{D86C89AC-151F-4ECB-BC42-674DBF0DE374}.Debug|x64.Build.0 = Debug|Any CPU
		{D86C89AC-151F-4ECB-BC42-674DBF0DE374}.Debug|x86.ActiveCfg = Debug|Any CPU
		{D86C89AC-151F-4ECB-BC42-674DBF0DE374}.Debug|x86.Build.0 = Debug|Any CPU
		{D86C89AC-151F-4ECB-BC42-674DBF0DE374}.Release|Any CPU.ActiveCfg = Release|Any CPU
		{D86C89AC-151F-4ECB-BC42-674DBF0DE374}.Release|Any CPU.Build.0 = Release|Any CPU
		{D86C89AC-151F-4ECB-BC42-674DBF0DE374}.Release|x64.ActiveCfg = Release|Any CPU
		{D86C89AC-151F-4ECB-BC42-674DBF0DE374}.Release|x64.Build.0 = Release|Any CPU
		{D86C89AC-151F-4ECB-BC42-674DBF0DE374}.Release|x86.ActiveCfg = Release|Any CPU
		{D86C89AC-151F-4ECB-BC42-674DBF0DE374}.Release|x86.Build.0 = Release|Any CPU
		{AF8AA2FF-979E-4826-8786-9E4E0339207A}.Debug|Any CPU.ActiveCfg = Debug|Any CPU
		{AF8AA2FF-979E-4826-8786-9E4E0339207A}.Debug|Any CPU.Build.0 = Debug|Any CPU
		{AF8AA2FF-979E-4826-8786-9E4E0339207A}.Debug|x64.ActiveCfg = Debug|Any CPU
		{AF8AA2FF-979E-4826-8786-9E4E0339207A}.Debug|x64.Build.0 = Debug|Any CPU
		{AF8AA2FF-979E-4826-8786-9E4E0339207A}.Debug|x86.ActiveCfg = Debug|Any CPU
		{AF8AA2FF-979E-4826-8786-9E4E0339207A}.Debug|x86.Build.0 = Debug|Any CPU
		{AF8AA2FF-979E-4826-8786-9E4E0339207A}.Release|Any CPU.ActiveCfg = Release|Any CPU
		{AF8AA2FF-979E-4826-8786-9E4E0339207A}.Release|Any CPU.Build.0 = Release|Any CPU
		{AF8AA2FF-979E-4826-8786-9E4E0339207A}.Release|x64.ActiveCfg = Release|Any CPU
		{AF8AA2FF-979E-4826-8786-9E4E0339207A}.Release|x64.Build.0 = Release|Any CPU
		{AF8AA2FF-979E-4826-8786-9E4E0339207A}.Release|x86.ActiveCfg = Release|Any CPU
		{AF8AA2FF-979E-4826-8786-9E4E0339207A}.Release|x86.Build.0 = Release|Any CPU
		{0A9C8645-139F-4CAF-A442-EC79767C8D7A}.Debug|Any CPU.ActiveCfg = Debug|Any CPU
		{0A9C8645-139F-4CAF-A442-EC79767C8D7A}.Debug|Any CPU.Build.0 = Debug|Any CPU
		{0A9C8645-139F-4CAF-A442-EC79767C8D7A}.Debug|x64.ActiveCfg = Debug|Any CPU
		{0A9C8645-139F-4CAF-A442-EC79767C8D7A}.Debug|x64.Build.0 = Debug|Any CPU
		{0A9C8645-139F-4CAF-A442-EC79767C8D7A}.Debug|x86.ActiveCfg = Debug|Any CPU
		{0A9C8645-139F-4CAF-A442-EC79767C8D7A}.Debug|x86.Build.0 = Debug|Any CPU
		{0A9C8645-139F-4CAF-A442-EC79767C8D7A}.Release|Any CPU.ActiveCfg = Release|Any CPU
		{0A9C8645-139F-4CAF-A442-EC79767C8D7A}.Release|Any CPU.Build.0 = Release|Any CPU
		{0A9C8645-139F-4CAF-A442-EC79767C8D7A}.Release|x64.ActiveCfg = Release|Any CPU
		{0A9C8645-139F-4CAF-A442-EC79767C8D7A}.Release|x64.Build.0 = Release|Any CPU
		{0A9C8645-139F-4CAF-A442-EC79767C8D7A}.Release|x86.ActiveCfg = Release|Any CPU
		{0A9C8645-139F-4CAF-A442-EC79767C8D7A}.Release|x86.Build.0 = Release|Any CPU
		{27D141E6-BD2A-433F-879B-0DC143DCA8D3}.Debug|Any CPU.ActiveCfg = Debug|Any CPU
		{27D141E6-BD2A-433F-879B-0DC143DCA8D3}.Debug|Any CPU.Build.0 = Debug|Any CPU
		{27D141E6-BD2A-433F-879B-0DC143DCA8D3}.Debug|x64.ActiveCfg = Debug|Any CPU
		{27D141E6-BD2A-433F-879B-0DC143DCA8D3}.Debug|x64.Build.0 = Debug|Any CPU
		{27D141E6-BD2A-433F-879B-0DC143DCA8D3}.Debug|x86.ActiveCfg = Debug|Any CPU
		{27D141E6-BD2A-433F-879B-0DC143DCA8D3}.Debug|x86.Build.0 = Debug|Any CPU
		{27D141E6-BD2A-433F-879B-0DC143DCA8D3}.Release|Any CPU.ActiveCfg = Release|Any CPU
		{27D141E6-BD2A-433F-879B-0DC143DCA8D3}.Release|Any CPU.Build.0 = Release|Any CPU
		{27D141E6-BD2A-433F-879B-0DC143DCA8D3}.Release|x64.ActiveCfg = Release|Any CPU
		{27D141E6-BD2A-433F-879B-0DC143DCA8D3}.Release|x64.Build.0 = Release|Any CPU
		{27D141E6-BD2A-433F-879B-0DC143DCA8D3}.Release|x86.ActiveCfg = Release|Any CPU
		{27D141E6-BD2A-433F-879B-0DC143DCA8D3}.Release|x86.Build.0 = Release|Any CPU
	EndGlobalSection
	GlobalSection(SolutionProperties) = preSolution
		HideSolutionNode = FALSE
	EndGlobalSection
	GlobalSection(NestedProjects) = preSolution
		{1D55326F-0FFE-422F-BB3B-06CA8B9B229A} = {279A4709-C3C9-45DD-B902-817A6EEA7342}
		{D98CBFB4-1699-4999-9294-732337645662} = {279A4709-C3C9-45DD-B902-817A6EEA7342}
		{C8E9E264-5F7C-4ED2-B73F-D3782EB4A091} = {279A4709-C3C9-45DD-B902-817A6EEA7342}
		{BB2463C1-ACA9-4682-BA8E-9A340CD0B406} = {3B9C5586-C0DE-480D-95FB-6B0FD2EE3302}
		{D86C89AC-151F-4ECB-BC42-674DBF0DE374} = {E4188818-5ED3-4A08-B510-FEEFE09A2E22}
	EndGlobalSection
	GlobalSection(ExtensibilityGlobals) = postSolution
		SolutionGuid = {7CCE885B-F7CC-40D2-830E-08C86163CAC4}
	EndGlobalSection
EndGlobal
